# Generated by pub
# See https://dart.dev/tools/pub/glossary#lockfile
packages:
  ffi:
    dependency: transitive
    description:
      name: ffi
      url: "https://pub.dartlang.org"
    source: hosted
    version: "1.1.2"
  wasm:
    dependency: "direct main"
    description:
      path: "."
      ref: main
      resolved-ref: "866e8c3beb45b2a6ceceb4cccf7a10a1c296662e"
      url: "https://github.com/dart-lang/wasm.git"
    source: git
    version: "0.1.0-dev"
sdks:
  dart: ">=2.12.0 <3.0.0"
